
Microsoft Visual Studio Solution File, Format Version 12.00
# Visual Studio Version 17
VisualStudioVersion = 17.13.35913.81 d17.13
MinimumVisualStudioVersion = 10.0.40219.1
Project("{FAE04EC0-301F-11D3-BF4B-00C04F79EFBC}") = "simp", "simp.csproj", "{F8EEBB71-CF1F-43E6-955D-553D7BB15392}"
EndProject
Global
	GlobalSection(SolutionConfigurationPlatforms) = preSolution
		Debug|Any CPU = Debug|Any CPU
		Release|Any CPU = Release|Any CPU
	EndGlobalSection
	GlobalSection(ProjectConfigurationPlatforms) = postSolution
		{F8EEBB71-CF1F-43E6-955D-553D7BB15392}.Debug|Any CPU.ActiveCfg = Debug|Any CPU
		{F8EEBB71-CF1F-43E6-955D-553D7BB15392}.Debug|Any CPU.Build.0 = Debug|Any CPU
		{F8EEBB71-CF1F-43E6-955D-553D7BB15392}.Release|Any CPU.ActiveCfg = Release|Any CPU
		{F8EEBB71-CF1F-43E6-955D-553D7BB15392}.Release|Any CPU.Build.0 = Release|Any CPU
	EndGlobalSection
	GlobalSection(SolutionProperties) = preSolution
		HideSolutionNode = FALSE
	EndGlobalSection
	GlobalSection(ExtensibilityGlobals) = postSolution
		SolutionGuid = {D20DCC46-542E-471F-B37C-DAC06AF704FE}
	EndGlobalSection
EndGlobal
